
Microsoft Visual Studio Solution File, Format Version 12.00
# Visual Studio Version 16
VisualStudioVersion = 16.0.29102.190
MinimumVisualStudioVersion = 10.0.40219.1
Project("{FAE04EC0-301F-11D3-BF4B-00C04F79EFBC}") = "GOF", "GOF\GOF.csproj", "{F4CC761A-33EE-40BB-8C56-A685F9AAE4CD}"
EndProject
Global
	GlobalSection(SolutionConfigurationPlatforms) = preSolution
		Debug|Any CPU = Debug|Any CPU
		Release|Any CPU = Release|Any CPU
	EndGlobalSection
	GlobalSection(ProjectConfigurationPlatforms) = postSolution
		{F4CC761A-33EE-40BB-8C56-A685F9AAE4CD}.Debug|Any CPU.ActiveCfg = Debug|Any CPU
		{F4CC761A-33EE-40BB-8C56-A685F9AAE4CD}.Debug|Any CPU.Build.0 = Debug|Any CPU
		{F4CC761A-33EE-40BB-8C56-A685F9AAE4CD}.Release|Any CPU.ActiveCfg = Release|Any CPU
		{F4CC761A-33EE-40BB-8C56-A685F9AAE4CD}.Release|Any CPU.Build.0 = Release|Any CPU
	EndGlobalSection
	GlobalSection(SolutionProperties) = preSolution
		HideSolutionNode = FALSE
	EndGlobalSection
	GlobalSection(ExtensibilityGlobals) = postSolution
		SolutionGuid = {F066E237-31D5-4DED-BD04-34717151F9DC}
	EndGlobalSection
EndGlobal
